// !$*UTF8*$!
{
	archiveVersion = 1;
	classes = {
	};
	objectVersion = 46;
	objects = {

/* Begin PBXBuildFile section */
		0A7FA4214804549DEE266116 /* Pods_TestC.framework in Frameworks */ = {isa = PBXBuildFile; fileRef = 86F945ADAB4CF64C7B6F98E3 /* Pods_TestC.framework */; };
		5766A01B1ED49F73007D5BCF /* ClassPosts.swift in Sources */ = {isa = PBXBuildFile; fileRef = 5766A01A1ED49F73007D5BCF /* ClassPosts.swift */; };
		5766A01D1ED4A09B007D5BCF /* ClassComments.swift in Sources */ = {isa = PBXBuildFile; fileRef = 5766A01C1ED4A09B007D5BCF /* ClassComments.swift */; };
		57CC7C031ED443F9000CCCBE /* AppDelegate.swift in Sources */ = {isa = PBXBuildFile; fileRef = 57CC7C021ED443F9000CCCBE /* AppDelegate.swift */; };
		57CC7C051ED443F9000CCCBE /* MasterViewController.swift in Sources */ = {isa = PBXBuildFile; fileRef = 57CC7C041ED443F9000CCCBE /* MasterViewController.swift */; };
		57CC7C071ED443F9000CCCBE /* DetailViewController.swift in Sources */ = {isa = PBXBuildFile; fileRef = 57CC7C061ED443F9000CCCBE /* DetailViewController.swift */; };
		57CC7C0A1ED443F9000CCCBE /* Main.storyboard in Resources */ = {isa = PBXBuildFile; fileRef = 57CC7C081ED443F9000CCCBE /* Main.storyboard */; settings = {ASSET_TAGS = (detailStory, ); }; };
		57CC7C0C1ED443F9000CCCBE /* Assets.xcassets in Resources */ = {isa = PBXBuildFile; fileRef = 57CC7C0B1ED443F9000CCCBE /* Assets.xcassets */; };
		57CC7C0F1ED443F9000CCCBE /* LaunchScreen.storyboard in Resources */ = {isa = PBXBuildFile; fileRef = 57CC7C0D1ED443F9000CCCBE /* LaunchScreen.storyboard */; };
		57CC7C191ED45232000CCCBE /* CellPosts.swift in Sources */ = {isa = PBXBuildFile; fileRef = 57CC7C181ED45232000CCCBE /* CellPosts.swift */; };
/* End PBXBuildFile section */

/* Begin PBXFileReference section */
		5766A01A1ED49F73007D5BCF /* ClassPosts.swift */ = {isa = PBXFileReference; fileEncoding = 4; lastKnownFileType = sourcecode.swift; path = ClassPosts.swift; sourceTree = "<group>"; };
		5766A01C1ED4A09B007D5BCF /* ClassComments.swift */ = {isa = PBXFileReference; fileEncoding = 4; lastKnownFileType = sourcecode.swift; path = ClassComments.swift; sourceTree = "<group>"; };
		57CC7BFF1ED443F9000CCCBE /* TestC.app */ = {isa = PBXFileReference; explicitFileType = wrapper.application; includeInIndex = 0; path = TestC.app; sourceTree = BUILT_PRODUCTS_DIR; };
		57CC7C021ED443F9000CCCBE /* AppDelegate.swift */ = {isa = PBXFileReference; lastKnownFileType = sourcecode.swift; path = AppDelegate.swift; sourceTree = "<group>"; };
		57CC7C041ED443F9000CCCBE /* MasterViewController.swift */ = {isa = PBXFileReference; lastKnownFileType = sourcecode.swift; path = MasterViewController.swift; sourceTree = "<group>"; };
		57CC7C061ED443F9000CCCBE /* DetailViewController.swift */ = {isa = PBXFileReference; lastKnownFileType = sourcecode.swift; path = DetailViewController.swift; sourceTree = "<group>"; };
		57CC7C091ED443F9000CCCBE /* Base */ = {isa = PBXFileReference; lastKnownFileType = file.storyboard; name = Base; path = Base.lproj/Main.storyboard; sourceTree = "<group>"; };
		57CC7C0B1ED443F9000CCCBE /* Assets.xcassets */ = {isa = PBXFileReference; lastKnownFileType = folder.assetcatalog; path = Assets.xcassets; sourceTree = "<group>"; };
		57CC7C0E1ED443F9000CCCBE /* Base */ = {isa = PBXFileReference; lastKnownFileType = file.storyboard; name = Base; path = Base.lproj/LaunchScreen.storyboard; sourceTree = "<group>"; };
		57CC7C101ED443F9000CCCBE /* Info.plist */ = {isa = PBXFileReference; lastKnownFileType = text.plist.xml; path = Info.plist; sourceTree = "<group>"; };
		57CC7C181ED45232000CCCBE /* CellPosts.swift */ = {isa = PBXFileReference; fileEncoding = 4; lastKnownFileType = sourcecode.swift; name = CellPosts.swift; path = ../CellPosts.swift; sourceTree = "<group>"; };
		86F945ADAB4CF64C7B6F98E3 /* Pods_TestC.framework */ = {isa = PBXFileReference; explicitFileType = wrapper.framework; includeInIndex = 0; path = Pods_TestC.framework; sourceTree = BUILT_PRODUCTS_DIR; };
		DE31AF544BA580AAC8C9D8FE /* Pods-TestC.release.xcconfig */ = {isa = PBXFileReference; includeInIndex = 1; lastKnownFileType = text.xcconfig; name = "Pods-TestC.release.xcconfig"; path = "Pods/Target Support Files/Pods-TestC/Pods-TestC.release.xcconfig"; sourceTree = "<group>"; };
		FBA8C09C884C4F669D5F57AD /* Pods-TestC.debug.xcconfig */ = {isa = PBXFileReference; includeInIndex = 1; lastKnownFileType = text.xcconfig; name = "Pods-TestC.debug.xcconfig"; path = "Pods/Target Support Files/Pods-TestC/Pods-TestC.debug.xcconfig"; sourceTree = "<group>"; };
/* End PBXFileReference section */

/* Begin PBXFrameworksBuildPhase section */
		57CC7BFC1ED443F8000CCCBE /* Frameworks */ = {
			isa = PBXFrameworksBuildPhase;
			buildActionMask = 2147483647;
			files = (
				0A7FA4214804549DEE266116 /* Pods_TestC.framework in Frameworks */,
			);
			runOnlyForDeploymentPostprocessing = 0;
		};
/* End PBXFrameworksBuildPhase section */

/* Begin PBXGroup section */
		57CC7BF61ED443F8000CCCBE = {
			isa = PBXGroup;
			children = (
				57CC7C011ED443F9000CCCBE /* TestC */,
				57CC7C001ED443F9000CCCBE /* Products */,
				C5997AEFEB4A4FCBA399E731 /* Pods */,
				7FC7C9C51A8F4EC4AF5719D6 /* Frameworks */,
			);
			sourceTree = "<group>";
		};
		57CC7C001ED443F9000CCCBE /* Products */ = {
			isa = PBXGroup;
			children = (
				57CC7BFF1ED443F9000CCCBE /* TestC.app */,
			);
			name = Products;
			sourceTree = "<group>";
		};
		57CC7C011ED443F9000CCCBE /* TestC */ = {
			isa = PBXGroup;
			children = (
				5766A01A1ED49F73007D5BCF /* ClassPosts.swift */,
				57CC7C181ED45232000CCCBE /* CellPosts.swift */,
				5766A01C1ED4A09B007D5BCF /* ClassComments.swift */,
				57CC7C021ED443F9000CCCBE /* AppDelegate.swift */,
				57CC7C041ED443F9000CCCBE /* MasterViewController.swift */,
				57CC7C061ED443F9000CCCBE /* DetailViewController.swift */,
				57CC7C081ED443F9000CCCBE /* Main.storyboard */,
				57CC7C0B1ED443F9000CCCBE /* Assets.xcassets */,
				57CC7C0D1ED443F9000CCCBE /* LaunchScreen.storyboard */,
				57CC7C101ED443F9000CCCBE /* Info.plist */,
			);
			path = TestC;
			sourceTree = "<group>";
		};
		7FC7C9C51A8F4EC4AF5719D6 /* Frameworks */ = {
			isa = PBXGroup;
			children = (
				86F945ADAB4CF64C7B6F98E3 /* Pods_TestC.framework */,
			);
			name = Frameworks;
			sourceTree = "<group>";
		};
		C5997AEFEB4A4FCBA399E731 /* Pods */ = {
			isa = PBXGroup;
			children = (
				FBA8C09C884C4F669D5F57AD /* Pods-TestC.debug.xcconfig */,
				DE31AF544BA580AAC8C9D8FE /* Pods-TestC.release.xcconfig */,
			);
			name = Pods;
			sourceTree = "<group>";
		};
/* End PBXGroup section */

/* Begin PBXNativeTarget section */
		57CC7BFE1ED443F8000CCCBE /* TestC */ = {
			isa = PBXNativeTarget;
			buildConfigurationList = 57CC7C131ED443F9000CCCBE /* Build configuration list for PBXNativeTarget "TestC" */;
			buildPhases = (
				A323274D248409C0E89683ED /* [CP] Check Pods Manifest.lock */,
				57CC7BFB1ED443F8000CCCBE /* Sources */,
				57CC7BFC1ED443F8000CCCBE /* Frameworks */,
				57CC7BFD1ED443F8000CCCBE /* Resources */,
				B96517C0A57655D6B40F6F34 /* [CP] Embed Pods Frameworks */,
				C8131B2FBF21601CE6D254BC /* [CP] Copy Pods Resources */,
			);
			buildRules = (
			);
			dependencies = (
			);
			name = TestC;
			productName = TestC;
			productReference = 57CC7BFF1ED443F9000CCCBE /* TestC.app */;
			productType = "com.apple.product-type.application";
		};
/* End PBXNativeTarget section */

/* Begin PBXProject section */
		57CC7BF71ED443F8000CCCBE /* Project object */ = {
			isa = PBXProject;
			attributes = {
				KnownAssetTags = (
					detailStory,
				);
				LastSwiftUpdateCheck = 0830;
				LastUpgradeCheck = 0830;
				ORGANIZATIONNAME = Test;
				TargetAttributes = {
					57CC7BFE1ED443F8000CCCBE = {
						CreatedOnToolsVersion = 8.3.2;
						ProvisioningStyle = Automatic;
					};
				};
			};
			buildConfigurationList = 57CC7BFA1ED443F8000CCCBE /* Build configuration list for PBXProject "TestC" */;
			compatibilityVersion = "Xcode 3.2";
			developmentRegion = English;
			hasScannedForEncodings = 0;
			knownRegions = (
				en,
				Base,
			);
			mainGroup = 57CC7BF61ED443F8000CCCBE;
			productRefGroup = 57CC7C001ED443F9000CCCBE /* Products */;
			projectDirPath = "";
			projectRoot = "";
			targets = (
				57CC7BFE1ED443F8000CCCBE /* TestC */,
			);
		};
/* End PBXProject section */

/* Begin PBXResourcesBuildPhase section */
		57CC7BFD1ED443F8000CCCBE /* Resources */ = {
			isa = PBXResourcesBuildPhase;
			buildActionMask = 2147483647;
			files = (
				57CC7C0F1ED443F9000CCCBE /* LaunchScreen.storyboard in Resources */,
				57CC7C0C1ED443F9000CCCBE /* Assets.xcassets in Resources */,
				57CC7C0A1ED443F9000CCCBE /* Main.storyboard in Resources */,
			);
			runOnlyForDeploymentPostprocessing = 0;
		};
/* End PBXResourcesBuildPhase section */

/* Begin PBXShellScriptBuildPhase section */
		A323274D248409C0E89683ED /* [CP] Check Pods Manifest.lock */ = {
			isa = PBXShellScriptBuildPhase;
			buildActionMask = 2147483647;
			files = (
			);
			inputPaths = (
			);
			name = "[CP] Check Pods Manifest.lock";
			outputPaths = (
			);
			runOnlyForDeploymentPostprocessing = 0;
			shellPath = /bin/sh;
			shellScript = "diff \"${PODS_PODFILE_DIR_PATH}/Podfile.lock\" \"${PODS_ROOT}/Manifest.lock\" > /dev/null\nif [ $? != 0 ] ; then\n    # print error to STDERR\n    echo \"error: The sandbox is not in sync with the Podfile.lock. Run 'pod install' or update your CocoaPods installation.\" >&2\n    exit 1\nfi\n";
			showEnvVarsInLog = 0;
		};
		B96517C0A57655D6B40F6F34 /* [CP] Embed Pods Frameworks */ = {
			isa = PBXShellScriptBuildPhase;
			buildActionMask = 2147483647;
			files = (
			);
			inputPaths = (
			);
			name = "[CP] Embed Pods Frameworks";
			outputPaths = (
			);
			runOnlyForDeploymentPostprocessing = 0;
			shellPath = /bin/sh;
			shellScript = "\"${SRCROOT}/Pods/Target Support Files/Pods-TestC/Pods-TestC-frameworks.sh\"\n";
			showEnvVarsInLog = 0;
		};
		C8131B2FBF21601CE6D254BC /* [CP] Copy Pods Resources */ = {
			isa = PBXShellScriptBuildPhase;
			buildActionMask = 2147483647;
			files = (
			);
			inputPaths = (
			);
			name = "[CP] Copy Pods Resources";
			outputPaths = (
			);
			runOnlyForDeploymentPostprocessing = 0;
			shellPath = /bin/sh;
			shellScript = "\"${SRCROOT}/Pods/Target Support Files/Pods-TestC/Pods-TestC-resources.sh\"\n";
			showEnvVarsInLog = 0;
		};
/* End PBXShellScriptBuildPhase section */

/* Begin PBXSourcesBuildPhase section */
		57CC7BFB1ED443F8000CCCBE /* Sources */ = {
			isa = PBXSourcesBuildPhase;
			buildActionMask = 2147483647;
			files = (
				57CC7C071ED443F9000CCCBE /* DetailViewController.swift in Sources */,
				57CC7C051ED443F9000CCCBE /* MasterViewController.swift in Sources */,
				57CC7C031ED443F9000CCCBE /* AppDelegate.swift in Sources */,
				57CC7C191ED45232000CCCBE /* CellPosts.swift in Sources */,
				5766A01D1ED4A09B007D5BCF /* ClassComments.swift in Sources */,
				5766A01B1ED49F73007D5BCF /* ClassPosts.swift in Sources */,
			);
			runOnlyForDeploymentPostprocessing = 0;
		};
/* End PBXSourcesBuildPhase section */

/* Begin PBXVariantGroup section */
		57CC7C081ED443F9000CCCBE /* Main.storyboard */ = {
			isa = PBXVariantGroup;
			children = (
				57CC7C091ED443F9000CCCBE /* Base */,
			);
			name = Main.storyboard;
			sourceTree = "<group>";
		};
		57CC7C0D1ED443F9000CCCBE /* LaunchScreen.storyboard */ = {
			isa = PBXVariantGroup;
			children = (
				57CC7C0E1ED443F9000CCCBE /* Base */,
			);
			name = LaunchScreen.storyboard;
			sourceTree = "<group>";
		};
/* End PBXVariantGroup section */

/* Begin XCBuildConfiguration section */
		57CC7C111ED443F9000CCCBE /* Debug */ = {
			isa = XCBuildConfiguration;
			buildSettings = {
				ALWAYS_SEARCH_USER_PATHS = NO;
				CLANG_ANALYZER_NONNULL = YES;
				CLANG_ANALYZER_NUMBER_OBJECT_CONVERSION = YES_AGGRESSIVE;
				CLANG_CXX_LANGUAGE_STANDARD = "gnu++0x";
				CLANG_CXX_LIBRARY = "libc++";
				CLANG_ENABLE_MODULES = YES;
				CLANG_ENABLE_OBJC_ARC = YES;
				CLANG_WARN_BOOL_CONVERSION = YES;
				CLANG_WARN_CONSTANT_CONVERSION = YES;
				CLANG_WARN_DIRECT_OBJC_ISA_USAGE = YES_ERROR;
				CLANG_WARN_DOCUMENTATION_COMMENTS = YES;
				CLANG_WARN_EMPTY_BODY = YES;
				CLANG_WARN_ENUM_CONVERSION = YES;
				CLANG_WARN_INFINITE_RECURSION = YES;
				CLANG_WARN_INT_CONVERSION = YES;
				CLANG_WARN_OBJC_ROOT_CLASS = YES_ERROR;
				CLANG_WARN_SUSPICIOUS_MOVE = YES;
				CLANG_WARN_UNREACHABLE_CODE = YES;
				CLANG_WARN__DUPLICATE_METHOD_MATCH = YES;
				"CODE_SIGN_IDENTITY[sdk=iphoneos*]" = "iPhone Developer";
				COPY_PHASE_STRIP = NO;
				DEBUG_INFORMATION_FORMAT = dwarf;
				ENABLE_STRICT_OBJC_MSGSEND = YES;
				ENABLE_TESTABILITY = YES;
				GCC_C_LANGUAGE_STANDARD = gnu99;
				GCC_DYNAMIC_NO_PIC = NO;
				GCC_NO_COMMON_BLOCKS = YES;
				GCC_OPTIMIZATION_LEVEL = 0;
				GCC_PREPROCESSOR_DEFINITIONS = (
					"DEBUG=1",
					"$(inherited)",
				);
				GCC_WARN_64_TO_32_BIT_CONVERSION = YES;
				GCC_WARN_ABOUT_RETURN_TYPE = YES_ERROR;
				GCC_WARN_UNDECLARED_SELECTOR = YES;
				GCC_WARN_UNINITIALIZED_AUTOS = YES_AGGRESSIVE;
				GCC_WARN_UNUSED_FUNCTION = YES;
				GCC_WARN_UNUSED_VARIABLE = YES;
				IPHONEOS_DEPLOYMENT_TARGET = 10.3;
				MTL_ENABLE_DEBUG_INFO = YES;
				ONLY_ACTIVE_ARCH = YES;
				SDKROOT = iphoneos;
				SWIFT_ACTIVE_COMPILATION_CONDITIONS = DEBUG;
				SWIFT_OPTIMIZATION_LEVEL = "-Onone";
				TARGETED_DEVICE_FAMILY = "1,2";
			};
			name = Debug;
		};
		57CC7C121ED443F9000CCCBE /* Release */ = {
			isa = XCBuildConfiguration;
			buildSettings = {
				ALWAYS_SEARCH_USER_PATHS = NO;
				CLANG_ANALYZER_NONNULL = YES;
				CLANG_ANALYZER_NUMBER_OBJECT_CONVERSION = YES_AGGRESSIVE;
				CLANG_CXX_LANGUAGE_STANDARD = "gnu++0x";
				CLANG_CXX_LIBRARY = "libc++";
				CLANG_ENABLE_MODULES = YES;
				CLANG_ENABLE_OBJC_ARC = YES;
				CLANG_WARN_BOOL_CONVERSION = YES;
				CLANG_WARN_CONSTANT_CONVERSION = YES;
				CLANG_WARN_DIRECT_OBJC_ISA_USAGE = YES_ERROR;
				CLANG_WARN_DOCUMENTATION_COMMENTS = YES;
				CLANG_WARN_EMPTY_BODY = YES;
				CLANG_WARN_ENUM_CONVERSION = YES;
				CLANG_WARN_INFINITE_RECURSION = YES;
				CLANG_WARN_INT_CONVERSION = YES;
				CLANG_WARN_OBJC_ROOT_CLASS = YES_ERROR;
				CLANG_WARN_SUSPICIOUS_MOVE = YES;
				CLANG_WARN_UNREACHABLE_CODE = YES;
				CLANG_WARN__DUPLICATE_METHOD_MATCH = YES;
				"CODE_SIGN_IDENTITY[sdk=iphoneos*]" = "iPhone Developer";
				COPY_PHASE_STRIP = NO;
				DEBUG_INFORMATION_FORMAT = "dwarf-with-dsym";
				ENABLE_NS_ASSERTIONS = NO;
				ENABLE_STRICT_OBJC_MSGSEND = YES;
				GCC_C_LANGUAGE_STANDARD = gnu99;
				GCC_NO_COMMON_BLOCKS = YES;
				GCC_WARN_64_TO_32_BIT_CONVERSION = YES;
				GCC_WARN_ABOUT_RETURN_TYPE = YES_ERROR;
				GCC_WARN_UNDECLARED_SELECTOR = YES;
				GCC_WARN_UNINITIALIZED_AUTOS = YES_AGGRESSIVE;
				GCC_WARN_UNUSED_FUNCTION = YES;
				GCC_WARN_UNUSED_VARIABLE = YES;
				IPHONEOS_DEPLOYMENT_TARGET = 10.3;
				MTL_ENABLE_DEBUG_INFO = NO;
				SDKROOT = iphoneos;
				SWIFT_OPTIMIZATION_LEVEL = "-Owholemodule";
				TARGETED_DEVICE_FAMILY = "1,2";
				VALIDATE_PRODUCT = YES;
			};
			name = Release;
		};
		57CC7C141ED443F9000CCCBE /* Debug */ = {
			isa = XCBuildConfiguration;
			baseConfigurationReference = FBA8C09C884C4F669D5F57AD /* Pods-TestC.debug.xcconfig */;
			buildSettings = {
				ASSETCATALOG_COMPILER_APPICON_NAME = AppIcon;
				INFOPLIST_FILE = TestC/Info.plist;
				LD_RUNPATH_SEARCH_PATHS = "$(inherited) @executable_path/Frameworks";
				PRODUCT_BUNDLE_IDENTIFIER = NPAW.TestC;
				PRODUCT_NAME = "$(TARGET_NAME)";
				SWIFT_VERSION = 3.0;
			};
			name = Debug;
		};
		57CC7C151ED443F9000CCCBE /* Release */ = {
			isa = XCBuildConfiguration;
			baseConfigurationReference = DE31AF544BA580AAC8C9D8FE /* Pods-TestC.release.xcconfig */;
			buildSettings = {
				ASSETCATALOG_COMPILER_APPICON_NAME = AppIcon;
				INFOPLIST_FILE = TestC/Info.plist;
				LD_RUNPATH_SEARCH_PATHS = "$(inherited) @executable_path/Frameworks";
				PRODUCT_BUNDLE_IDENTIFIER = NPAW.TestC;
				PRODUCT_NAME = "$(TARGET_NAME)";
				SWIFT_VERSION = 3.0;
			};
			name = Release;
		};
/* End XCBuildConfiguration section */

/* Begin XCConfigurationList section */
		57CC7BFA1ED443F8000CCCBE /* Build configuration list for PBXProject "TestC" */ = {
			isa = XCConfigurationList;
			buildConfigurations = (
				57CC7C111ED443F9000CCCBE /* Debug */,
				57CC7C121ED443F9000CCCBE /* Release */,
			);
			defaultConfigurationIsVisible = 0;
			defaultConfigurationName = Release;
		};
		57CC7C131ED443F9000CCCBE /* Build configuration list for PBXNativeTarget "TestC" */ = {
			isa = XCConfigurationList;
			buildConfigurations = (
				57CC7C141ED443F9000CCCBE /* Debug */,
				57CC7C151ED443F9000CCCBE /* Release */,
			);
			defaultConfigurationIsVisible = 0;
			defaultConfigurationName = Release;
		};
/* End XCConfigurationList section */
	};
	rootObject = 57CC7BF71ED443F8000CCCBE /* Project object */;
}
